// !$*UTF8*$!
{
	archiveVersion = 1;
	classes = {
	};
	objectVersion = 56;
	objects = {

/* Begin PBXBuildFile section */
		B0C5336E2BE9F95500780372 /* AppDelegate.swift in Sources */ = {isa = PBXBuildFile; fileRef = B0C5336D2BE9F95500780372 /* AppDelegate.swift */; };
		B0C533722BE9F95500780372 /* ViewController.swift in Sources */ = {isa = PBXBuildFile; fileRef = B0C533712BE9F95500780372 /* ViewController.swift */; };
		B0C533772BE9F95700780372 /* Assets.xcassets in Resources */ = {isa = PBXBuildFile; fileRef = B0C533762BE9F95700780372 /* Assets.xcassets */; };
		B0C5337A2BE9F95700780372 /* LaunchScreen.storyboard in Resources */ = {isa = PBXBuildFile; fileRef = B0C533782BE9F95700780372 /* LaunchScreen.storyboard */; };
		B0C533832BE9F9F700780372 /* SnapKit in Frameworks */ = {isa = PBXBuildFile; productRef = B0C533822BE9F9F700780372 /* SnapKit */; };
		B0C533882BE9FA5300780372 /* Alamofire in Frameworks */ = {isa = PBXBuildFile; productRef = B0C533872BE9FA5300780372 /* Alamofire */; };
		B0C5338C2BE9FA8E00780372 /* AFManager.swift in Sources */ = {isa = PBXBuildFile; fileRef = B0C5338B2BE9FA8E00780372 /* AFManager.swift */; };
		B0C5338E2BE9FAE300780372 /* CryptoModel.swift in Sources */ = {isa = PBXBuildFile; fileRef = B0C5338D2BE9FAE300780372 /* CryptoModel.swift */; };
		B0C533902BE9FE8F00780372 /* CryptoDetailsTableViewCell.swift in Sources */ = {isa = PBXBuildFile; fileRef = B0C5338F2BE9FE8F00780372 /* CryptoDetailsTableViewCell.swift */; };
/* End PBXBuildFile section */

/* Begin PBXFileReference section */
		B0C5336A2BE9F95500780372 /* AFShowCase.app */ = {isa = PBXFileReference; explicitFileType = wrapper.application; includeInIndex = 0; path = AFShowCase.app; sourceTree = BUILT_PRODUCTS_DIR; };
		B0C5336D2BE9F95500780372 /* AppDelegate.swift */ = {isa = PBXFileReference; lastKnownFileType = sourcecode.swift; path = AppDelegate.swift; sourceTree = "<group>"; };
		B0C533712BE9F95500780372 /* ViewController.swift */ = {isa = PBXFileReference; lastKnownFileType = sourcecode.swift; path = ViewController.swift; sourceTree = "<group>"; };
		B0C533762BE9F95700780372 /* Assets.xcassets */ = {isa = PBXFileReference; lastKnownFileType = folder.assetcatalog; path = Assets.xcassets; sourceTree = "<group>"; };
		B0C533792BE9F95700780372 /* Base */ = {isa = PBXFileReference; lastKnownFileType = file.storyboard; name = Base; path = Base.lproj/LaunchScreen.storyboard; sourceTree = "<group>"; };
		B0C5337B2BE9F95700780372 /* Info.plist */ = {isa = PBXFileReference; lastKnownFileType = text.plist.xml; path = Info.plist; sourceTree = "<group>"; };
		B0C5338B2BE9FA8E00780372 /* AFManager.swift */ = {isa = PBXFileReference; lastKnownFileType = sourcecode.swift; path = AFManager.swift; sourceTree = "<group>"; };
		B0C5338D2BE9FAE300780372 /* CryptoModel.swift */ = {isa = PBXFileReference; lastKnownFileType = sourcecode.swift; path = CryptoModel.swift; sourceTree = "<group>"; };
		B0C5338F2BE9FE8F00780372 /* CryptoDetailsTableViewCell.swift */ = {isa = PBXFileReference; lastKnownFileType = sourcecode.swift; path = CryptoDetailsTableViewCell.swift; sourceTree = "<group>"; };
/* End PBXFileReference section */

/* Begin PBXFrameworksBuildPhase section */
		B0C533672BE9F95500780372 /* Frameworks */ = {
			isa = PBXFrameworksBuildPhase;
			buildActionMask = 2147483647;
			files = (
				B0C533882BE9FA5300780372 /* Alamofire in Frameworks */,
				B0C533832BE9F9F700780372 /* SnapKit in Frameworks */,
			);
			runOnlyForDeploymentPostprocessing = 0;
		};
/* End PBXFrameworksBuildPhase section */

/* Begin PBXGroup section */
		B0C533612BE9F95500780372 = {
			isa = PBXGroup;
			children = (
				B0C5336C2BE9F95500780372 /* AFShowCase */,
				B0C5336B2BE9F95500780372 /* Products */,
			);
			sourceTree = "<group>";
		};
		B0C5336B2BE9F95500780372 /* Products */ = {
			isa = PBXGroup;
			children = (
				B0C5336A2BE9F95500780372 /* AFShowCase.app */,
			);
			name = Products;
			sourceTree = "<group>";
		};
		B0C5336C2BE9F95500780372 /* AFShowCase */ = {
			isa = PBXGroup;
			children = (
				B0C5336D2BE9F95500780372 /* AppDelegate.swift */,
				B0C533712BE9F95500780372 /* ViewController.swift */,
				B0C5338F2BE9FE8F00780372 /* CryptoDetailsTableViewCell.swift */,
				B0C5338B2BE9FA8E00780372 /* AFManager.swift */,
				B0C5338D2BE9FAE300780372 /* CryptoModel.swift */,
				B0C533762BE9F95700780372 /* Assets.xcassets */,
				B0C533782BE9F95700780372 /* LaunchScreen.storyboard */,
				B0C5337B2BE9F95700780372 /* Info.plist */,
			);
			path = AFShowCase;
			sourceTree = "<group>";
		};
/* End PBXGroup section */

/* Begin PBXNativeTarget section */
		B0C533692BE9F95500780372 /* AFShowCase */ = {
			isa = PBXNativeTarget;
			buildConfigurationList = B0C5337E2BE9F95700780372 /* Build configuration list for PBXNativeTarget "AFShowCase" */;
			buildPhases = (
				B0C533662BE9F95500780372 /* Sources */,
				B0C533672BE9F95500780372 /* Frameworks */,
				B0C533682BE9F95500780372 /* Resources */,
			);
			buildRules = (
			);
			dependencies = (
			);
			name = AFShowCase;
			packageProductDependencies = (
				B0C533822BE9F9F700780372 /* SnapKit */,
				B0C533872BE9FA5300780372 /* Alamofire */,
			);
			productName = AFShowCase;
			productReference = B0C5336A2BE9F95500780372 /* AFShowCase.app */;
			productType = "com.apple.product-type.application";
		};
/* End PBXNativeTarget section */

/* Begin PBXProject section */
		B0C533622BE9F95500780372 /* Project object */ = {
			isa = PBXProject;
			attributes = {
				BuildIndependentTargetsInParallel = 1;
				LastSwiftUpdateCheck = 1500;
				LastUpgradeCheck = 1500;
				TargetAttributes = {
					B0C533692BE9F95500780372 = {
						CreatedOnToolsVersion = 15.0;
					};
				};
			};
			buildConfigurationList = B0C533652BE9F95500780372 /* Build configuration list for PBXProject "AFShowCase" */;
			compatibilityVersion = "Xcode 14.0";
			developmentRegion = en;
			hasScannedForEncodings = 0;
			knownRegions = (
				en,
				Base,
			);
			mainGroup = B0C533612BE9F95500780372;
			packageReferences = (
				B0C533812BE9F9F700780372 /* XCRemoteSwiftPackageReference "SnapKit" */,
				B0C533862BE9FA5300780372 /* XCRemoteSwiftPackageReference "Alamofire" */,
			);
			productRefGroup = B0C5336B2BE9F95500780372 /* Products */;
			projectDirPath = "";
			projectRoot = "";
			targets = (
				B0C533692BE9F95500780372 /* AFShowCase */,
			);
		};
/* End PBXProject section */

/* Begin PBXResourcesBuildPhase section */
		B0C533682BE9F95500780372 /* Resources */ = {
			isa = PBXResourcesBuildPhase;
			buildActionMask = 2147483647;
			files = (
				B0C5337A2BE9F95700780372 /* LaunchScreen.storyboard in Resources */,
				B0C533772BE9F95700780372 /* Assets.xcassets in Resources */,
			);
			runOnlyForDeploymentPostprocessing = 0;
		};
/* End PBXResourcesBuildPhase section */

/* Begin PBXSourcesBuildPhase section */
		B0C533662BE9F95500780372 /* Sources */ = {
			isa = PBXSourcesBuildPhase;
			buildActionMask = 2147483647;
			files = (
				B0C533722BE9F95500780372 /* ViewController.swift in Sources */,
				B0C533902BE9FE8F00780372 /* CryptoDetailsTableViewCell.swift in Sources */,
				B0C5338C2BE9FA8E00780372 /* AFManager.swift in Sources */,
				B0C5336E2BE9F95500780372 /* AppDelegate.swift in Sources */,
				B0C5338E2BE9FAE300780372 /* CryptoModel.swift in Sources */,
			);
			runOnlyForDeploymentPostprocessing = 0;
		};
/* End PBXSourcesBuildPhase section */

/* Begin PBXVariantGroup section */
		B0C533782BE9F95700780372 /* LaunchScreen.storyboard */ = {
			isa = PBXVariantGroup;
			children = (
				B0C533792BE9F95700780372 /* Base */,
			);
			name = LaunchScreen.storyboard;
			sourceTree = "<group>";
		};
/* End PBXVariantGroup section */

/* Begin XCBuildConfiguration section */
		B0C5337C2BE9F95700780372 /* Debug */ = {
			isa = XCBuildConfiguration;
			buildSettings = {
				ALWAYS_SEARCH_USER_PATHS = NO;
				ASSETCATALOG_COMPILER_GENERATE_SWIFT_ASSET_SYMBOL_EXTENSIONS = YES;
				CLANG_ANALYZER_NONNULL = YES;
				CLANG_ANALYZER_NUMBER_OBJECT_CONVERSION = YES_AGGRESSIVE;
				CLANG_CXX_LANGUAGE_STANDARD = "gnu++20";
				CLANG_ENABLE_MODULES = YES;
				CLANG_ENABLE_OBJC_ARC = YES;
				CLANG_ENABLE_OBJC_WEAK = YES;
				CLANG_WARN_BLOCK_CAPTURE_AUTORELEASING = YES;
				CLANG_WARN_BOOL_CONVERSION = YES;
				CLANG_WARN_COMMA = YES;
				CLANG_WARN_CONSTANT_CONVERSION = YES;
				CLANG_WARN_DEPRECATED_OBJC_IMPLEMENTATIONS = YES;
				CLANG_WARN_DIRECT_OBJC_ISA_USAGE = YES_ERROR;
				CLANG_WARN_DOCUMENTATION_COMMENTS = YES;
				CLANG_WARN_EMPTY_BODY = YES;
				CLANG_WARN_ENUM_CONVERSION = YES;
				CLANG_WARN_INFINITE_RECURSION = YES;
				CLANG_WARN_INT_CONVERSION = YES;
				CLANG_WARN_NON_LITERAL_NULL_CONVERSION = YES;
				CLANG_WARN_OBJC_IMPLICIT_RETAIN_SELF = YES;
				CLANG_WARN_OBJC_LITERAL_CONVERSION = YES;
				CLANG_WARN_OBJC_ROOT_CLASS = YES_ERROR;
				CLANG_WARN_QUOTED_INCLUDE_IN_FRAMEWORK_HEADER = YES;
				CLANG_WARN_RANGE_LOOP_ANALYSIS = YES;
				CLANG_WARN_STRICT_PROTOTYPES = YES;
				CLANG_WARN_SUSPICIOUS_MOVE = YES;
				CLANG_WARN_UNGUARDED_AVAILABILITY = YES_AGGRESSIVE;
				CLANG_WARN_UNREACHABLE_CODE = YES;
				CLANG_WARN__DUPLICATE_METHOD_MATCH = YES;
				COPY_PHASE_STRIP = NO;
				DEBUG_INFORMATION_FORMAT = dwarf;
				ENABLE_STRICT_OBJC_MSGSEND = YES;
				ENABLE_TESTABILITY = YES;
				ENABLE_USER_SCRIPT_SANDBOXING = YES;
				GCC_C_LANGUAGE_STANDARD = gnu17;
				GCC_DYNAMIC_NO_PIC = NO;
				GCC_NO_COMMON_BLOCKS = YES;
				GCC_OPTIMIZATION_LEVEL = 0;
				GCC_PREPROCESSOR_DEFINITIONS = (
					"DEBUG=1",
					"$(inherited)",
				);
				GCC_WARN_64_TO_32_BIT_CONVERSION = YES;
				GCC_WARN_ABOUT_RETURN_TYPE = YES_ERROR;
				GCC_WARN_UNDECLARED_SELECTOR = YES;
				GCC_WARN_UNINITIALIZED_AUTOS = YES_AGGRESSIVE;
				GCC_WARN_UNUSED_FUNCTION = YES;
				GCC_WARN_UNUSED_VARIABLE = YES;
				IPHONEOS_DEPLOYMENT_TARGET = 17.0;
				LOCALIZATION_PREFERS_STRING_CATALOGS = YES;
				MTL_ENABLE_DEBUG_INFO = INCLUDE_SOURCE;
				MTL_FAST_MATH = YES;
				ONLY_ACTIVE_ARCH = YES;
				SDKROOT = iphoneos;
				SWIFT_ACTIVE_COMPILATION_CONDITIONS = "DEBUG $(inherited)";
				SWIFT_OPTIMIZATION_LEVEL = "-Onone";
			};
			name = Debug;
		};
		B0C5337D2BE9F95700780372 /* Release */ = {
			isa = XCBuildConfiguration;
			buildSettings = {
				ALWAYS_SEARCH_USER_PATHS = NO;
				ASSETCATALOG_COMPILER_GENERATE_SWIFT_ASSET_SYMBOL_EXTENSIONS = YES;
				CLANG_ANALYZER_NONNULL = YES;
				CLANG_ANALYZER_NUMBER_OBJECT_CONVERSION = YES_AGGRESSIVE;
				CLANG_CXX_LANGUAGE_STANDARD = "gnu++20";
				CLANG_ENABLE_MODULES = YES;
				CLANG_ENABLE_OBJC_ARC = YES;
				CLANG_ENABLE_OBJC_WEAK = YES;
				CLANG_WARN_BLOCK_CAPTURE_AUTORELEASING = YES;
				CLANG_WARN_BOOL_CONVERSION = YES;
				CLANG_WARN_COMMA = YES;
				CLANG_WARN_CONSTANT_CONVERSION = YES;
				CLANG_WARN_DEPRECATED_OBJC_IMPLEMENTATIONS = YES;
				CLANG_WARN_DIRECT_OBJC_ISA_USAGE = YES_ERROR;
				CLANG_WARN_DOCUMENTATION_COMMENTS = YES;
				CLANG_WARN_EMPTY_BODY = YES;
				CLANG_WARN_ENUM_CONVERSION = YES;
				CLANG_WARN_INFINITE_RECURSION = YES;
				CLANG_WARN_INT_CONVERSION = YES;
				CLANG_WARN_NON_LITERAL_NULL_CONVERSION = YES;
				CLANG_WARN_OBJC_IMPLICIT_RETAIN_SELF = YES;
				CLANG_WARN_OBJC_LITERAL_CONVERSION = YES;
				CLANG_WARN_OBJC_ROOT_CLASS = YES_ERROR;
				CLANG_WARN_QUOTED_INCLUDE_IN_FRAMEWORK_HEADER = YES;
				CLANG_WARN_RANGE_LOOP_ANALYSIS = YES;
				CLANG_WARN_STRICT_PROTOTYPES = YES;
				CLANG_WARN_SUSPICIOUS_MOVE = YES;
				CLANG_WARN_UNGUARDED_AVAILABILITY = YES_AGGRESSIVE;
				CLANG_WARN_UNREACHABLE_CODE = YES;
				CLANG_WARN__DUPLICATE_METHOD_MATCH = YES;
				COPY_PHASE_STRIP = NO;
				DEBUG_INFORMATION_FORMAT = "dwarf-with-dsym";
				ENABLE_NS_ASSERTIONS = NO;
				ENABLE_STRICT_OBJC_MSGSEND = YES;
				ENABLE_USER_SCRIPT_SANDBOXING = YES;
				GCC_C_LANGUAGE_STANDARD = gnu17;
				GCC_NO_COMMON_BLOCKS = YES;
				GCC_WARN_64_TO_32_BIT_CONVERSION = YES;
				GCC_WARN_ABOUT_RETURN_TYPE = YES_ERROR;
				GCC_WARN_UNDECLARED_SELECTOR = YES;
				GCC_WARN_UNINITIALIZED_AUTOS = YES_AGGRESSIVE;
				GCC_WARN_UNUSED_FUNCTION = YES;
				GCC_WARN_UNUSED_VARIABLE = YES;
				IPHONEOS_DEPLOYMENT_TARGET = 17.0;
				LOCALIZATION_PREFERS_STRING_CATALOGS = YES;
				MTL_ENABLE_DEBUG_INFO = NO;
				MTL_FAST_MATH = YES;
				SDKROOT = iphoneos;
				SWIFT_COMPILATION_MODE = wholemodule;
				VALIDATE_PRODUCT = YES;
			};
			name = Release;
		};
		B0C5337F2BE9F95700780372 /* Debug */ = {
			isa = XCBuildConfiguration;
			buildSettings = {
				ASSETCATALOG_COMPILER_APPICON_NAME = AppIcon;
				ASSETCATALOG_COMPILER_GLOBAL_ACCENT_COLOR_NAME = AccentColor;
				CODE_SIGN_STYLE = Automatic;
				CURRENT_PROJECT_VERSION = 1;
				DEVELOPMENT_TEAM = 6ZB4DDC86D;
				GENERATE_INFOPLIST_FILE = YES;
				INFOPLIST_FILE = AFShowCase/Info.plist;
				INFOPLIST_KEY_UIApplicationSupportsIndirectInputEvents = YES;
				INFOPLIST_KEY_UILaunchStoryboardName = LaunchScreen;
				INFOPLIST_KEY_UIMainStoryboardFile = "";
				INFOPLIST_KEY_UISupportedInterfaceOrientations_iPad = "UIInterfaceOrientationPortrait UIInterfaceOrientationPortraitUpsideDown UIInterfaceOrientationLandscapeLeft UIInterfaceOrientationLandscapeRight";
				INFOPLIST_KEY_UISupportedInterfaceOrientations_iPhone = "UIInterfaceOrientationPortrait UIInterfaceOrientationLandscapeLeft UIInterfaceOrientationLandscapeRight";
				LD_RUNPATH_SEARCH_PATHS = (
					"$(inherited)",
					"@executable_path/Frameworks",
				);
				MARKETING_VERSION = 1.0;
				PRODUCT_BUNDLE_IDENTIFIER = aldiyar.dev.AFShowCase;
				PRODUCT_NAME = "$(TARGET_NAME)";
				SWIFT_EMIT_LOC_STRINGS = YES;
				SWIFT_VERSION = 5.0;
				TARGETED_DEVICE_FAMILY = "1,2";
			};
			name = Debug;
		};
		B0C533802BE9F95700780372 /* Release */ = {
			isa = XCBuildConfiguration;
			buildSettings = {
				ASSETCATALOG_COMPILER_APPICON_NAME = AppIcon;
				ASSETCATALOG_COMPILER_GLOBAL_ACCENT_COLOR_NAME = AccentColor;
				CODE_SIGN_STYLE = Automatic;
				CURRENT_PROJECT_VERSION = 1;
				DEVELOPMENT_TEAM = 6ZB4DDC86D;
				GENERATE_INFOPLIST_FILE = YES;
				INFOPLIST_FILE = AFShowCase/Info.plist;
				INFOPLIST_KEY_UIApplicationSupportsIndirectInputEvents = YES;
				INFOPLIST_KEY_UILaunchStoryboardName = LaunchScreen;
				INFOPLIST_KEY_UIMainStoryboardFile = "";
				INFOPLIST_KEY_UISupportedInterfaceOrientations_iPad = "UIInterfaceOrientationPortrait UIInterfaceOrientationPortraitUpsideDown UIInterfaceOrientationLandscapeLeft UIInterfaceOrientationLandscapeRight";
				INFOPLIST_KEY_UISupportedInterfaceOrientations_iPhone = "UIInterfaceOrientationPortrait UIInterfaceOrientationLandscapeLeft UIInterfaceOrientationLandscapeRight";
				LD_RUNPATH_SEARCH_PATHS = (
					"$(inherited)",
					"@executable_path/Frameworks",
				);
				MARKETING_VERSION = 1.0;
				PRODUCT_BUNDLE_IDENTIFIER = aldiyar.dev.AFShowCase;
				PRODUCT_NAME = "$(TARGET_NAME)";
				SWIFT_EMIT_LOC_STRINGS = YES;
				SWIFT_VERSION = 5.0;
				TARGETED_DEVICE_FAMILY = "1,2";
			};
			name = Release;
		};
/* End XCBuildConfiguration section */

/* Begin XCConfigurationList section */
		B0C533652BE9F95500780372 /* Build configuration list for PBXProject "AFShowCase" */ = {
			isa = XCConfigurationList;
			buildConfigurations = (
				B0C5337C2BE9F95700780372 /* Debug */,
				B0C5337D2BE9F95700780372 /* Release */,
			);
			defaultConfigurationIsVisible = 0;
			defaultConfigurationName = Release;
		};
		B0C5337E2BE9F95700780372 /* Build configuration list for PBXNativeTarget "AFShowCase" */ = {
			isa = XCConfigurationList;
			buildConfigurations = (
				B0C5337F2BE9F95700780372 /* Debug */,
				B0C533802BE9F95700780372 /* Release */,
			);
			defaultConfigurationIsVisible = 0;
			defaultConfigurationName = Release;
		};
/* End XCConfigurationList section */

/* Begin XCRemoteSwiftPackageReference section */
		B0C533812BE9F9F700780372 /* XCRemoteSwiftPackageReference "SnapKit" */ = {
			isa = XCRemoteSwiftPackageReference;
			repositoryURL = "https://github.com/SnapKit/SnapKit.git";
			requirement = {
				kind = upToNextMajorVersion;
				minimumVersion = 5.7.1;
			};
		};
		B0C533862BE9FA5300780372 /* XCRemoteSwiftPackageReference "Alamofire" */ = {
			isa = XCRemoteSwiftPackageReference;
			repositoryURL = "https://github.com/Alamofire/Alamofire.git";
			requirement = {
				kind = upToNextMajorVersion;
				minimumVersion = 5.9.1;
			};
		};
/* End XCRemoteSwiftPackageReference section */

/* Begin XCSwiftPackageProductDependency section */
		B0C533822BE9F9F700780372 /* SnapKit */ = {
			isa = XCSwiftPackageProductDependency;
			package = B0C533812BE9F9F700780372 /* XCRemoteSwiftPackageReference "SnapKit" */;
			productName = SnapKit;
		};
		B0C533872BE9FA5300780372 /* Alamofire */ = {
			isa = XCSwiftPackageProductDependency;
			package = B0C533862BE9FA5300780372 /* XCRemoteSwiftPackageReference "Alamofire" */;
			productName = Alamofire;
		};
/* End XCSwiftPackageProductDependency section */
	};
	rootObject = B0C533622BE9F95500780372 /* Project object */;
}
